
Microsoft Visual Studio Solution File, Format Version 12.00
# Visual Studio Version 16
VisualStudioVersion = 16.0.32126.315
MinimumVisualStudioVersion = 10.0.40219.1
Project("{FAE04EC0-301F-11D3-BF4B-00C04F79EFBC}") = "Aanand_mvc_project", "Aanand_mvc_project\Aanand_mvc_project.csproj", "{C71698E3-C93B-4343-9FF1-9820403CCA76}"
EndProject
Global
	GlobalSection(SolutionConfigurationPlatforms) = preSolution
		Debug|Any CPU = Debug|Any CPU
		Release|Any CPU = Release|Any CPU
	EndGlobalSection
	GlobalSection(ProjectConfigurationPlatforms) = postSolution
		{C71698E3-C93B-4343-9FF1-9820403CCA76}.Debug|Any CPU.ActiveCfg = Debug|Any CPU
		{C71698E3-C93B-4343-9FF1-9820403CCA76}.Debug|Any CPU.Build.0 = Debug|Any CPU
		{C71698E3-C93B-4343-9FF1-9820403CCA76}.Release|Any CPU.ActiveCfg = Release|Any CPU
		{C71698E3-C93B-4343-9FF1-9820403CCA76}.Release|Any CPU.Build.0 = Release|Any CPU
	EndGlobalSection
	GlobalSection(SolutionProperties) = preSolution
		HideSolutionNode = FALSE
	EndGlobalSection
	GlobalSection(ExtensibilityGlobals) = postSolution
		SolutionGuid = {DA45F26C-F6E2-477A-AA81-C9EE88D4FA75}
	EndGlobalSection
EndGlobal
